<?xml version="1.0" encoding="utf-8"?>
<Project ToolsVersion="17.0" xmlns="http://schemas.microsoft.com/developer/msbuild/2003">
  <ItemGroup>
    <ClCompile Include="F:\Dropbox\Jupyter\PostProcessing_BSA\VLIV_Trial\Gpufit-1.2.0\examples\Gpufit_Cpufit_Nvidia_Profiler_Test.cpp">
      <Filter>Source Files</Filter>
    </ClCompile>
    <ClCompile Include="F:\Dropbox\Jupyter\PostProcessing_BSA\VLIV_Trial\Gpufit-1.2.0\tests\utils.cpp">
      <Filter>Source Files</Filter>
    </ClCompile>
  </ItemGroup>
  <ItemGroup>
    <ClInclude Include="F:\Dropbox\Jupyter\PostProcessing_BSA\VLIV_Trial\Gpufit-1.2.0\tests\utils.h">
      <Filter>Header Files</Filter>
    </ClInclude>
  </ItemGroup>
  <ItemGroup>
    <CustomBuild Include="F:\Dropbox\Jupyter\PostProcessing_BSA\VLIV_Trial\Gpufit-1.2.0\examples\CMakeLists.txt" />
  </ItemGroup>
  <ItemGroup>
    <Filter Include="Header Files">
      <UniqueIdentifier>{BFD070E8-2736-3B51-9DED-C730B9B3FDB1}</UniqueIdentifier>
    </Filter>
    <Filter Include="Source Files">
      <UniqueIdentifier>{92D04898-7DB3-3594-AD4F-740DB1D5C6F3}</UniqueIdentifier>
    </Filter>
  </ItemGroup>
</Project>
