<?xml version="1.0" encoding="utf-8"?>
<Project ToolsVersion="17.0" xmlns="http://schemas.microsoft.com/developer/msbuild/2003">
  <ItemGroup>
    <ClCompile Include="F:\Dropbox\Jupyter\PostProcessing_BSA\VLIV_Trial\Gpufit-1.2.0\Gpufit\gpufit.cpp">
      <Filter>Source Files</Filter>
    </ClCompile>
    <ClCompile Include="F:\Dropbox\Jupyter\PostProcessing_BSA\VLIV_Trial\Gpufit-1.2.0\Gpufit\info.cpp">
      <Filter>Source Files</Filter>
    </ClCompile>
    <ClCompile Include="F:\Dropbox\Jupyter\PostProcessing_BSA\VLIV_Trial\Gpufit-1.2.0\Gpufit\lm_fit.cpp">
      <Filter>Source Files</Filter>
    </ClCompile>
    <ClCompile Include="F:\Dropbox\Jupyter\PostProcessing_BSA\VLIV_Trial\Gpufit-1.2.0\Gpufit\lm_fit_cuda.cpp">
      <Filter>Source Files</Filter>
    </ClCompile>
    <ClCompile Include="F:\Dropbox\Jupyter\PostProcessing_BSA\VLIV_Trial\Gpufit-1.2.0\Gpufit\interface.cpp">
      <Filter>Source Files</Filter>
    </ClCompile>
  </ItemGroup>
  <ItemGroup>
    <ClInclude Include="F:\Dropbox\Jupyter\PostProcessing_BSA\VLIV_Trial\Gpufit-1.2.0\Gpufit\gpufit.h">
      <Filter>Header Files</Filter>
    </ClInclude>
    <ClInclude Include="F:\Dropbox\Jupyter\PostProcessing_BSA\VLIV_Trial\Gpufit-1.2.0\Gpufit\constants.h">
      <Filter>Header Files</Filter>
    </ClInclude>
    <ClInclude Include="F:\Dropbox\Jupyter\PostProcessing_BSA\VLIV_Trial\Gpufit-1.2.0\Gpufit\definitions.h">
      <Filter>Header Files</Filter>
    </ClInclude>
    <ClInclude Include="F:\Dropbox\Jupyter\PostProcessing_BSA\VLIV_Trial\Gpufit-1.2.0\Gpufit\info.h">
      <Filter>Header Files</Filter>
    </ClInclude>
    <ClInclude Include="F:\Dropbox\Jupyter\PostProcessing_BSA\VLIV_Trial\Gpufit-1.2.0\Gpufit\lm_fit.h">
      <Filter>Header Files</Filter>
    </ClInclude>
    <ClInclude Include="F:\Dropbox\Jupyter\PostProcessing_BSA\VLIV_Trial\Gpufit-1.2.0\Gpufit\interface.h">
      <Filter>Header Files</Filter>
    </ClInclude>
  </ItemGroup>
  <ItemGroup>
    <CustomBuild Include="F:\Dropbox\Jupyter\PostProcessing_BSA\VLIV_Trial\Gpufit-1.2.0\Gpufit\lm_fit_cuda.cu">
      <Filter>CUDA Source Files</Filter>
    </CustomBuild>
    <CustomBuild Include="F:\Dropbox\Jupyter\PostProcessing_BSA\VLIV_Trial\Gpufit-1.2.0\Gpufit\cuda_kernels.cu">
      <Filter>CUDA Source Files</Filter>
    </CustomBuild>
    <CustomBuild Include="F:\Dropbox\Jupyter\PostProcessing_BSA\VLIV_Trial\Gpufit-1.2.0\Gpufit\info.cu">
      <Filter>CUDA Source Files</Filter>
    </CustomBuild>
    <CustomBuild Include="F:\Dropbox\Jupyter\PostProcessing_BSA\VLIV_Trial\Gpufit-1.2.0\Gpufit\gpu_data.cu">
      <Filter>CUDA Source Files</Filter>
    </CustomBuild>
    <CustomBuild Include="F:\Dropbox\Jupyter\PostProcessing_BSA\VLIV_Trial\Gpufit-1.2.0\Gpufit\cuda_gaussjordan.cu">
      <Filter>CUDA Source Files</Filter>
    </CustomBuild>
    <CustomBuild Include="F:\Dropbox\Jupyter\PostProcessing_BSA\VLIV_Trial\Gpufit-1.2.0\Gpufit\CMakeLists.txt" />
  </ItemGroup>
  <ItemGroup>
    <None Include="F:\Dropbox\Jupyter\PostProcessing_BSA\VLIV_Trial\Gpufit-1.2.0\Gpufit\Gpufit.def">
      <Filter>Source Files</Filter>
    </None>
    <None Include="F:\Dropbox\Jupyter\PostProcessing_BSA\VLIV_Trial\Gpufit-1.2.0\Gpufit\cuda_kernels.cuh">
      <Filter>CUDA Header Files</Filter>
    </None>
    <None Include="F:\Dropbox\Jupyter\PostProcessing_BSA\VLIV_Trial\Gpufit-1.2.0\Gpufit\gpu_data.cuh">
      <Filter>CUDA Header Files</Filter>
    </None>
    <None Include="F:\Dropbox\Jupyter\PostProcessing_BSA\VLIV_Trial\Gpufit-1.2.0\Gpufit\cuda_gaussjordan.cuh">
      <Filter>CUDA Header Files</Filter>
    </None>
    <None Include="F:\Dropbox\Jupyter\PostProcessing_BSA\VLIV_Trial\Gpufit-1.2.0\Gpufit\models\brown_dennis.cuh">
      <Filter>CUDA Model Files</Filter>
    </None>
    <None Include="F:\Dropbox\Jupyter\PostProcessing_BSA\VLIV_Trial\Gpufit-1.2.0\Gpufit\models\cauchy_2d_elliptic.cuh">
      <Filter>CUDA Model Files</Filter>
    </None>
    <None Include="F:\Dropbox\Jupyter\PostProcessing_BSA\VLIV_Trial\Gpufit-1.2.0\Gpufit\models\fletcher_powell_helix.cuh">
      <Filter>CUDA Model Files</Filter>
    </None>
    <None Include="F:\Dropbox\Jupyter\PostProcessing_BSA\VLIV_Trial\Gpufit-1.2.0\Gpufit\models\gauss_1d.cuh">
      <Filter>CUDA Model Files</Filter>
    </None>
    <None Include="F:\Dropbox\Jupyter\PostProcessing_BSA\VLIV_Trial\Gpufit-1.2.0\Gpufit\models\gauss_2d.cuh">
      <Filter>CUDA Model Files</Filter>
    </None>
    <None Include="F:\Dropbox\Jupyter\PostProcessing_BSA\VLIV_Trial\Gpufit-1.2.0\Gpufit\models\gauss_2d_elliptic.cuh">
      <Filter>CUDA Model Files</Filter>
    </None>
    <None Include="F:\Dropbox\Jupyter\PostProcessing_BSA\VLIV_Trial\Gpufit-1.2.0\Gpufit\models\gauss_2d_rotated.cuh">
      <Filter>CUDA Model Files</Filter>
    </None>
    <None Include="F:\Dropbox\Jupyter\PostProcessing_BSA\VLIV_Trial\Gpufit-1.2.0\Gpufit\models\linear_1d.cuh">
      <Filter>CUDA Model Files</Filter>
    </None>
    <None Include="F:\Dropbox\Jupyter\PostProcessing_BSA\VLIV_Trial\Gpufit-1.2.0\Gpufit\models\models.cuh">
      <Filter>CUDA Model Files</Filter>
    </None>
    <None Include="F:\Dropbox\Jupyter\PostProcessing_BSA\VLIV_Trial\Gpufit-1.2.0\Gpufit\models\rayleigh_1d.cuh">
      <Filter>CUDA Model Files</Filter>
    </None>
    <None Include="F:\Dropbox\Jupyter\PostProcessing_BSA\VLIV_Trial\Gpufit-1.2.0\Gpufit\models\saturation_1d.cuh">
      <Filter>CUDA Model Files</Filter>
    </None>
    <None Include="F:\Dropbox\Jupyter\PostProcessing_BSA\VLIV_Trial\Gpufit-1.2.0\Gpufit\models\spline_1d.cuh">
      <Filter>CUDA Model Files</Filter>
    </None>
    <None Include="F:\Dropbox\Jupyter\PostProcessing_BSA\VLIV_Trial\Gpufit-1.2.0\Gpufit\models\spline_2d.cuh">
      <Filter>CUDA Model Files</Filter>
    </None>
    <None Include="F:\Dropbox\Jupyter\PostProcessing_BSA\VLIV_Trial\Gpufit-1.2.0\Gpufit\models\spline_3d.cuh">
      <Filter>CUDA Model Files</Filter>
    </None>
    <None Include="F:\Dropbox\Jupyter\PostProcessing_BSA\VLIV_Trial\Gpufit-1.2.0\Gpufit\models\spline_3d_multichannel.cuh">
      <Filter>CUDA Model Files</Filter>
    </None>
    <None Include="F:\Dropbox\Jupyter\PostProcessing_BSA\VLIV_Trial\Gpufit-1.2.0\Gpufit\models\spline_3d_phase_multichannel.cuh">
      <Filter>CUDA Model Files</Filter>
    </None>
    <None Include="F:\Dropbox\Jupyter\PostProcessing_BSA\VLIV_Trial\Gpufit-1.2.0\Gpufit\estimators\estimators.cuh">
      <Filter>CUDA Estimator Files</Filter>
    </None>
    <None Include="F:\Dropbox\Jupyter\PostProcessing_BSA\VLIV_Trial\Gpufit-1.2.0\Gpufit\estimators\lse.cuh">
      <Filter>CUDA Estimator Files</Filter>
    </None>
    <None Include="F:\Dropbox\Jupyter\PostProcessing_BSA\VLIV_Trial\Gpufit-1.2.0\Gpufit\estimators\mle.cuh">
      <Filter>CUDA Estimator Files</Filter>
    </None>
  </ItemGroup>
  <ItemGroup>
    <Object Include="F:\Dropbox\Jupyter\PostProcessing_BSA\VLIV_Trial\Gpufit\Gpufit\CMakeFiles\Gpufit.dir\$(Configuration)\Gpufit_generated_lm_fit_cuda.cu.obj">
      <Filter>Object Files</Filter>
    </Object>
    <Object Include="F:\Dropbox\Jupyter\PostProcessing_BSA\VLIV_Trial\Gpufit\Gpufit\CMakeFiles\Gpufit.dir\$(Configuration)\Gpufit_generated_cuda_kernels.cu.obj">
      <Filter>Object Files</Filter>
    </Object>
    <Object Include="F:\Dropbox\Jupyter\PostProcessing_BSA\VLIV_Trial\Gpufit\Gpufit\CMakeFiles\Gpufit.dir\$(Configuration)\Gpufit_generated_info.cu.obj">
      <Filter>Object Files</Filter>
    </Object>
    <Object Include="F:\Dropbox\Jupyter\PostProcessing_BSA\VLIV_Trial\Gpufit\Gpufit\CMakeFiles\Gpufit.dir\$(Configuration)\Gpufit_generated_gpu_data.cu.obj">
      <Filter>Object Files</Filter>
    </Object>
    <Object Include="F:\Dropbox\Jupyter\PostProcessing_BSA\VLIV_Trial\Gpufit\Gpufit\CMakeFiles\Gpufit.dir\$(Configuration)\Gpufit_generated_cuda_gaussjordan.cu.obj">
      <Filter>Object Files</Filter>
    </Object>
  </ItemGroup>
  <ItemGroup>
    <Filter Include="CUDA Estimator Files">
      <UniqueIdentifier>{CD89CCC5-BB3C-3538-BC3D-EAAEB457EBFF}</UniqueIdentifier>
    </Filter>
    <Filter Include="CUDA Header Files">
      <UniqueIdentifier>{FBDE852C-D1B0-3B16-9F3F-30AAD990038E}</UniqueIdentifier>
    </Filter>
    <Filter Include="CUDA Model Files">
      <UniqueIdentifier>{0CD5CBCD-53D8-3407-99E9-290B69FCB9CF}</UniqueIdentifier>
    </Filter>
    <Filter Include="CUDA Source Files">
      <UniqueIdentifier>{FCB0511F-6BEB-36C3-8878-834F94A98437}</UniqueIdentifier>
    </Filter>
    <Filter Include="Header Files">
      <UniqueIdentifier>{BFD070E8-2736-3B51-9DED-C730B9B3FDB1}</UniqueIdentifier>
    </Filter>
    <Filter Include="Object Files">
      <UniqueIdentifier>{23A93B24-834E-3D59-83A8-D482C473453D}</UniqueIdentifier>
    </Filter>
    <Filter Include="Source Files">
      <UniqueIdentifier>{92D04898-7DB3-3594-AD4F-740DB1D5C6F3}</UniqueIdentifier>
    </Filter>
  </ItemGroup>
</Project>
