<?xml version="1.0" encoding="utf-8"?>
<Project ToolsVersion="17.0" xmlns="http://schemas.microsoft.com/developer/msbuild/2003">
  <ItemGroup>
    <CustomBuild Include="F:\Dropbox\Jupyter\PostProcessing_BSA\VLIV_Trial\Gpufit\CMakeFiles\ceda1f68247b7510de462937c0974d1b\RUN_TESTS_force.rule">
      <Filter>CMake Rules</Filter>
    </CustomBuild>
  </ItemGroup>
  <ItemGroup>
    <Filter Include="CMake Rules">
      <UniqueIdentifier>{91C3C8E9-76A0-3FE5-A85D-7E5743F228B9}</UniqueIdentifier>
    </Filter>
  </ItemGroup>
</Project>
