<?xml version="1.0" encoding="utf-8"?>
<Project ToolsVersion="17.0" xmlns="http://schemas.microsoft.com/developer/msbuild/2003">
  <ItemGroup>
    <ClCompile Include="F:\Dropbox\Jupyter\PostProcessing_BSA\VLIV_Trial\Gpufit-1.2.0\Cpufit\cpufit.cpp">
      <Filter>Source Files</Filter>
    </ClCompile>
    <ClCompile Include="F:\Dropbox\Jupyter\PostProcessing_BSA\VLIV_Trial\Gpufit-1.2.0\Cpufit\info.cpp">
      <Filter>Source Files</Filter>
    </ClCompile>
    <ClCompile Include="F:\Dropbox\Jupyter\PostProcessing_BSA\VLIV_Trial\Gpufit-1.2.0\Cpufit\lm_fit.cpp">
      <Filter>Source Files</Filter>
    </ClCompile>
    <ClCompile Include="F:\Dropbox\Jupyter\PostProcessing_BSA\VLIV_Trial\Gpufit-1.2.0\Cpufit\lm_fit_cpp.cpp">
      <Filter>Source Files</Filter>
    </ClCompile>
    <ClCompile Include="F:\Dropbox\Jupyter\PostProcessing_BSA\VLIV_Trial\Gpufit-1.2.0\Cpufit\interface.cpp">
      <Filter>Source Files</Filter>
    </ClCompile>
  </ItemGroup>
  <ItemGroup>
    <ClInclude Include="F:\Dropbox\Jupyter\PostProcessing_BSA\VLIV_Trial\Gpufit-1.2.0\Cpufit\cpufit.h">
      <Filter>Header Files</Filter>
    </ClInclude>
    <ClInclude Include="F:\Dropbox\Jupyter\PostProcessing_BSA\VLIV_Trial\Gpufit-1.2.0\Gpufit\constants.h">
      <Filter>Header Files</Filter>
    </ClInclude>
    <ClInclude Include="F:\Dropbox\Jupyter\PostProcessing_BSA\VLIV_Trial\Gpufit-1.2.0\Cpufit\info.h">
      <Filter>Header Files</Filter>
    </ClInclude>
    <ClInclude Include="F:\Dropbox\Jupyter\PostProcessing_BSA\VLIV_Trial\Gpufit-1.2.0\Cpufit\lm_fit.h">
      <Filter>Header Files</Filter>
    </ClInclude>
    <ClInclude Include="F:\Dropbox\Jupyter\PostProcessing_BSA\VLIV_Trial\Gpufit-1.2.0\Cpufit\interface.h">
      <Filter>Header Files</Filter>
    </ClInclude>
  </ItemGroup>
  <ItemGroup>
    <CustomBuild Include="F:\Dropbox\Jupyter\PostProcessing_BSA\VLIV_Trial\Gpufit-1.2.0\Cpufit\CMakeLists.txt" />
  </ItemGroup>
  <ItemGroup>
    <None Include="F:\Dropbox\Jupyter\PostProcessing_BSA\VLIV_Trial\Gpufit-1.2.0\Cpufit\Cpufit.def">
      <Filter>Source Files</Filter>
    </None>
  </ItemGroup>
  <ItemGroup>
    <Filter Include="Header Files">
      <UniqueIdentifier>{BFD070E8-2736-3B51-9DED-C730B9B3FDB1}</UniqueIdentifier>
    </Filter>
    <Filter Include="Source Files">
      <UniqueIdentifier>{92D04898-7DB3-3594-AD4F-740DB1D5C6F3}</UniqueIdentifier>
    </Filter>
  </ItemGroup>
</Project>
